{
  "name": "quasilink",
  "lockfileVersion": 3,
  "requires": true,
  "packages": {
    "": {
      "dependencies": {
        "@voker/voker": "^0.0.10"
      }
    },
    "node_modules/@voker/voker": {
      "version": "0.0.10",
      "resolved": "https://registry.npmjs.org/@voker/voker/-/voker-0.0.10.tgz",
      "integrity": "sha512-SZFVtIlO1dqDS244qIB0l7cLAdsGmpcRxijD+MWoy+5yUy7r4o3yUaOJTCh3MRYF/kdmGclzk2C6ziCANpFj7A==",
      "license": "Apache-2.0"
    }
  }
}
